
Microsoft Visual Studio Solution File, Format Version 12.00
# Visual Studio Version 17
VisualStudioVersion = 17.11.35222.181
MinimumVisualStudioVersion = 10.0.40219.1
Project("{FAE04EC0-301F-11D3-BF4B-00C04F79EFBC}") = "ChatReact.Server", "ChatReact.Server\ChatReact.Server.csproj", "{C3EBA0AE-F5F3-41C8-86DD-48D0576103D1}"
EndProject
Project("{54A90642-561A-4BB1-A94E-469ADEE60C69}") = "chatreact.client", "chatreact.client\chatreact.client.esproj", "{2CC1DA5F-1E50-4E0A-8E5A-ABAA3B1E5F63}"
EndProject
Global
	GlobalSection(SolutionConfigurationPlatforms) = preSolution
		Debug|Any CPU = Debug|Any CPU
		Release|Any CPU = Release|Any CPU
	EndGlobalSection
	GlobalSection(ProjectConfigurationPlatforms) = postSolution
		{C3EBA0AE-F5F3-41C8-86DD-48D0576103D1}.Debug|Any CPU.ActiveCfg = Debug|Any CPU
		{C3EBA0AE-F5F3-41C8-86DD-48D0576103D1}.Debug|Any CPU.Build.0 = Debug|Any CPU
		{C3EBA0AE-F5F3-41C8-86DD-48D0576103D1}.Release|Any CPU.ActiveCfg = Release|Any CPU
		{C3EBA0AE-F5F3-41C8-86DD-48D0576103D1}.Release|Any CPU.Build.0 = Release|Any CPU
		{2CC1DA5F-1E50-4E0A-8E5A-ABAA3B1E5F63}.Debug|Any CPU.ActiveCfg = Debug|Any CPU
		{2CC1DA5F-1E50-4E0A-8E5A-ABAA3B1E5F63}.Debug|Any CPU.Build.0 = Debug|Any CPU
		{2CC1DA5F-1E50-4E0A-8E5A-ABAA3B1E5F63}.Debug|Any CPU.Deploy.0 = Debug|Any CPU
		{2CC1DA5F-1E50-4E0A-8E5A-ABAA3B1E5F63}.Release|Any CPU.ActiveCfg = Release|Any CPU
		{2CC1DA5F-1E50-4E0A-8E5A-ABAA3B1E5F63}.Release|Any CPU.Build.0 = Release|Any CPU
		{2CC1DA5F-1E50-4E0A-8E5A-ABAA3B1E5F63}.Release|Any CPU.Deploy.0 = Release|Any CPU
	EndGlobalSection
	GlobalSection(SolutionProperties) = preSolution
		HideSolutionNode = FALSE
	EndGlobalSection
	GlobalSection(ExtensibilityGlobals) = postSolution
		SolutionGuid = {B725C460-3903-49B0-B9BF-AE9660D4F777}
	EndGlobalSection
EndGlobal
